
Microsoft Visual Studio Solution File, Format Version 12.00
# Visual Studio Version 17
VisualStudioVersion = 17.1.32328.378
MinimumVisualStudioVersion = 10.0.40219.1
Project("{9A19103F-16F7-4668-BE54-9A1E7A4F7556}") = "appiumtest", "appiumtest.csproj", "{D92A60E3-D431-4F67-AC63-990D69D0C44D}"
EndProject
Global
	GlobalSection(SolutionConfigurationPlatforms) = preSolution
		Debug|Any CPU = Debug|Any CPU
		Release|Any CPU = Release|Any CPU
	EndGlobalSection
	GlobalSection(ProjectConfigurationPlatforms) = postSolution
		{D92A60E3-D431-4F67-AC63-990D69D0C44D}.Debug|Any CPU.ActiveCfg = Debug|Any CPU
		{D92A60E3-D431-4F67-AC63-990D69D0C44D}.Debug|Any CPU.Build.0 = Debug|Any CPU
		{D92A60E3-D431-4F67-AC63-990D69D0C44D}.Release|Any CPU.ActiveCfg = Release|Any CPU
		{D92A60E3-D431-4F67-AC63-990D69D0C44D}.Release|Any CPU.Build.0 = Release|Any CPU
	EndGlobalSection
	GlobalSection(SolutionProperties) = preSolution
		HideSolutionNode = FALSE
	EndGlobalSection
	GlobalSection(ExtensibilityGlobals) = postSolution
		SolutionGuid = {ABC439D1-82C3-48B9-98A4-772E5E9F38FB}
	EndGlobalSection
EndGlobal
